
Microsoft Visual Studio Solution File, Format Version 12.00
# Visual Studio 15
VisualStudioVersion = 15.0.26124.0
MinimumVisualStudioVersion = 15.0.26124.0
Project("{FAE04EC0-301F-11D3-BF4B-00C04F79EFBC}") = "Core", "Core\Core.csproj", "{109D7F39-79AB-4862-9F73-0B8C638930C6}"
EndProject
Project("{FAE04EC0-301F-11D3-BF4B-00C04F79EFBC}") = "Assembly-CSharp", "..\New Unity Project\Assembly-CSharp.csproj", "{B2B58FB2-4462-6B0C-A872-40DD957E5FE0}"
EndProject
Project("{FAE04EC0-301F-11D3-BF4B-00C04F79EFBC}") = "Game", "..\New Unity Project\Game.csproj", "{698029CD-30E0-7A32-08C8-F43B06E015C7}"
EndProject
Project("{FAE04EC0-301F-11D3-BF4B-00C04F79EFBC}") = "Assembly-CSharp-firstpass", "..\New Unity Project\Assembly-CSharp-firstpass.csproj", "{79391AC5-8752-B4CC-F33F-BB9EB1094377}"
EndProject
Project("{FAE04EC0-301F-11D3-BF4B-00C04F79EFBC}") = "Assembly-CSharp-Editor", "..\New Unity Project\Assembly-CSharp-Editor.csproj", "{5A0769DA-25DA-A68D-BA58-6ED404CB536B}"
EndProject
Project("{FAE04EC0-301F-11D3-BF4B-00C04F79EFBC}") = "Assembly-CSharp-Editor-firstpass", "..\New Unity Project\Assembly-CSharp-Editor-firstpass.csproj", "{A0590241-EC89-9436-F11D-51760213F2B6}"
EndProject
Project("{FAE04EC0-301F-11D3-BF4B-00C04F79EFBC}") = "Unity.TextMeshPro", "..\New Unity Project\Unity.TextMeshPro.csproj", "{C1BD0D23-76E5-0DB8-F998-DF084AAB2E0D}"
EndProject
Project("{FAE04EC0-301F-11D3-BF4B-00C04F79EFBC}") = "FrameWork", "..\New Unity Project\FrameWork.csproj", "{2D0A9392-7E4B-B002-929B-C5154FE3CC44}"
EndProject
Global
	GlobalSection(SolutionConfigurationPlatforms) = preSolution
		Debug|Any CPU = Debug|Any CPU
		Debug|x64 = Debug|x64
		Debug|x86 = Debug|x86
		Release|Any CPU = Release|Any CPU
		Release|x64 = Release|x64
		Release|x86 = Release|x86
	EndGlobalSection
	GlobalSection(SolutionProperties) = preSolution
		HideSolutionNode = FALSE
	EndGlobalSection
	GlobalSection(ProjectConfigurationPlatforms) = postSolution
		{109D7F39-79AB-4862-9F73-0B8C638930C6}.Debug|Any CPU.ActiveCfg = Debug|Any CPU
		{109D7F39-79AB-4862-9F73-0B8C638930C6}.Debug|Any CPU.Build.0 = Debug|Any CPU
		{109D7F39-79AB-4862-9F73-0B8C638930C6}.Debug|x64.ActiveCfg = Debug|Any CPU
		{109D7F39-79AB-4862-9F73-0B8C638930C6}.Debug|x64.Build.0 = Debug|Any CPU
		{109D7F39-79AB-4862-9F73-0B8C638930C6}.Debug|x86.ActiveCfg = Debug|Any CPU
		{109D7F39-79AB-4862-9F73-0B8C638930C6}.Debug|x86.Build.0 = Debug|Any CPU
		{109D7F39-79AB-4862-9F73-0B8C638930C6}.Release|Any CPU.ActiveCfg = Debug|Any CPU
		{109D7F39-79AB-4862-9F73-0B8C638930C6}.Release|Any CPU.Build.0 = Debug|Any CPU
		{109D7F39-79AB-4862-9F73-0B8C638930C6}.Release|x64.ActiveCfg = Debug|Any CPU
		{109D7F39-79AB-4862-9F73-0B8C638930C6}.Release|x64.Build.0 = Debug|Any CPU
		{109D7F39-79AB-4862-9F73-0B8C638930C6}.Release|x86.ActiveCfg = Debug|Any CPU
		{109D7F39-79AB-4862-9F73-0B8C638930C6}.Release|x86.Build.0 = Debug|Any CPU
		{B2B58FB2-4462-6B0C-A872-40DD957E5FE0}.Debug|Any CPU.ActiveCfg = Debug|Any CPU
		{B2B58FB2-4462-6B0C-A872-40DD957E5FE0}.Debug|Any CPU.Build.0 = Debug|Any CPU
		{B2B58FB2-4462-6B0C-A872-40DD957E5FE0}.Debug|x64.ActiveCfg = Debug|Any CPU
		{B2B58FB2-4462-6B0C-A872-40DD957E5FE0}.Debug|x64.Build.0 = Debug|Any CPU
		{B2B58FB2-4462-6B0C-A872-40DD957E5FE0}.Debug|x86.ActiveCfg = Debug|Any CPU
		{B2B58FB2-4462-6B0C-A872-40DD957E5FE0}.Debug|x86.Build.0 = Debug|Any CPU
		{B2B58FB2-4462-6B0C-A872-40DD957E5FE0}.Release|Any CPU.ActiveCfg = Debug|Any CPU
		{B2B58FB2-4462-6B0C-A872-40DD957E5FE0}.Release|Any CPU.Build.0 = Debug|Any CPU
		{B2B58FB2-4462-6B0C-A872-40DD957E5FE0}.Release|x64.ActiveCfg = Debug|Any CPU
		{B2B58FB2-4462-6B0C-A872-40DD957E5FE0}.Release|x64.Build.0 = Debug|Any CPU
		{B2B58FB2-4462-6B0C-A872-40DD957E5FE0}.Release|x86.ActiveCfg = Debug|Any CPU
		{B2B58FB2-4462-6B0C-A872-40DD957E5FE0}.Release|x86.Build.0 = Debug|Any CPU
		{698029CD-30E0-7A32-08C8-F43B06E015C7}.Debug|Any CPU.ActiveCfg = Debug|Any CPU
		{698029CD-30E0-7A32-08C8-F43B06E015C7}.Debug|Any CPU.Build.0 = Debug|Any CPU
		{698029CD-30E0-7A32-08C8-F43B06E015C7}.Debug|x64.ActiveCfg = Debug|Any CPU
		{698029CD-30E0-7A32-08C8-F43B06E015C7}.Debug|x64.Build.0 = Debug|Any CPU
		{698029CD-30E0-7A32-08C8-F43B06E015C7}.Debug|x86.ActiveCfg = Debug|Any CPU
		{698029CD-30E0-7A32-08C8-F43B06E015C7}.Debug|x86.Build.0 = Debug|Any CPU
		{698029CD-30E0-7A32-08C8-F43B06E015C7}.Release|Any CPU.ActiveCfg = Debug|Any CPU
		{698029CD-30E0-7A32-08C8-F43B06E015C7}.Release|Any CPU.Build.0 = Debug|Any CPU
		{698029CD-30E0-7A32-08C8-F43B06E015C7}.Release|x64.ActiveCfg = Debug|Any CPU
		{698029CD-30E0-7A32-08C8-F43B06E015C7}.Release|x64.Build.0 = Debug|Any CPU
		{698029CD-30E0-7A32-08C8-F43B06E015C7}.Release|x86.ActiveCfg = Debug|Any CPU
		{698029CD-30E0-7A32-08C8-F43B06E015C7}.Release|x86.Build.0 = Debug|Any CPU
		{79391AC5-8752-B4CC-F33F-BB9EB1094377}.Debug|Any CPU.ActiveCfg = Debug|Any CPU
		{79391AC5-8752-B4CC-F33F-BB9EB1094377}.Debug|Any CPU.Build.0 = Debug|Any CPU
		{79391AC5-8752-B4CC-F33F-BB9EB1094377}.Debug|x64.ActiveCfg = Debug|Any CPU
		{79391AC5-8752-B4CC-F33F-BB9EB1094377}.Debug|x64.Build.0 = Debug|Any CPU
		{79391AC5-8752-B4CC-F33F-BB9EB1094377}.Debug|x86.ActiveCfg = Debug|Any CPU
		{79391AC5-8752-B4CC-F33F-BB9EB1094377}.Debug|x86.Build.0 = Debug|Any CPU
		{79391AC5-8752-B4CC-F33F-BB9EB1094377}.Release|Any CPU.ActiveCfg = Debug|Any CPU
		{79391AC5-8752-B4CC-F33F-BB9EB1094377}.Release|Any CPU.Build.0 = Debug|Any CPU
		{79391AC5-8752-B4CC-F33F-BB9EB1094377}.Release|x64.ActiveCfg = Debug|Any CPU
		{79391AC5-8752-B4CC-F33F-BB9EB1094377}.Release|x64.Build.0 = Debug|Any CPU
		{79391AC5-8752-B4CC-F33F-BB9EB1094377}.Release|x86.ActiveCfg = Debug|Any CPU
		{79391AC5-8752-B4CC-F33F-BB9EB1094377}.Release|x86.Build.0 = Debug|Any CPU
		{5A0769DA-25DA-A68D-BA58-6ED404CB536B}.Debug|Any CPU.ActiveCfg = Debug|Any CPU
		{5A0769DA-25DA-A68D-BA58-6ED404CB536B}.Debug|Any CPU.Build.0 = Debug|Any CPU
		{5A0769DA-25DA-A68D-BA58-6ED404CB536B}.Debug|x64.ActiveCfg = Debug|Any CPU
		{5A0769DA-25DA-A68D-BA58-6ED404CB536B}.Debug|x64.Build.0 = Debug|Any CPU
		{5A0769DA-25DA-A68D-BA58-6ED404CB536B}.Debug|x86.ActiveCfg = Debug|Any CPU
		{5A0769DA-25DA-A68D-BA58-6ED404CB536B}.Debug|x86.Build.0 = Debug|Any CPU
		{5A0769DA-25DA-A68D-BA58-6ED404CB536B}.Release|Any CPU.ActiveCfg = Debug|Any CPU
		{5A0769DA-25DA-A68D-BA58-6ED404CB536B}.Release|Any CPU.Build.0 = Debug|Any CPU
		{5A0769DA-25DA-A68D-BA58-6ED404CB536B}.Release|x64.ActiveCfg = Debug|Any CPU
		{5A0769DA-25DA-A68D-BA58-6ED404CB536B}.Release|x64.Build.0 = Debug|Any CPU
		{5A0769DA-25DA-A68D-BA58-6ED404CB536B}.Release|x86.ActiveCfg = Debug|Any CPU
		{5A0769DA-25DA-A68D-BA58-6ED404CB536B}.Release|x86.Build.0 = Debug|Any CPU
		{A0590241-EC89-9436-F11D-51760213F2B6}.Debug|Any CPU.ActiveCfg = Debug|Any CPU
		{A0590241-EC89-9436-F11D-51760213F2B6}.Debug|Any CPU.Build.0 = Debug|Any CPU
		{A0590241-EC89-9436-F11D-51760213F2B6}.Debug|x64.ActiveCfg = Debug|Any CPU
		{A0590241-EC89-9436-F11D-51760213F2B6}.Debug|x64.Build.0 = Debug|Any CPU
		{A0590241-EC89-9436-F11D-51760213F2B6}.Debug|x86.ActiveCfg = Debug|Any CPU
		{A0590241-EC89-9436-F11D-51760213F2B6}.Debug|x86.Build.0 = Debug|Any CPU
		{A0590241-EC89-9436-F11D-51760213F2B6}.Release|Any CPU.ActiveCfg = Debug|Any CPU
		{A0590241-EC89-9436-F11D-51760213F2B6}.Release|Any CPU.Build.0 = Debug|Any CPU
		{A0590241-EC89-9436-F11D-51760213F2B6}.Release|x64.ActiveCfg = Debug|Any CPU
		{A0590241-EC89-9436-F11D-51760213F2B6}.Release|x64.Build.0 = Debug|Any CPU
		{A0590241-EC89-9436-F11D-51760213F2B6}.Release|x86.ActiveCfg = Debug|Any CPU
		{A0590241-EC89-9436-F11D-51760213F2B6}.Release|x86.Build.0 = Debug|Any CPU
		{C1BD0D23-76E5-0DB8-F998-DF084AAB2E0D}.Debug|Any CPU.ActiveCfg = Debug|Any CPU
		{C1BD0D23-76E5-0DB8-F998-DF084AAB2E0D}.Debug|Any CPU.Build.0 = Debug|Any CPU
		{C1BD0D23-76E5-0DB8-F998-DF084AAB2E0D}.Debug|x64.ActiveCfg = Debug|Any CPU
		{C1BD0D23-76E5-0DB8-F998-DF084AAB2E0D}.Debug|x64.Build.0 = Debug|Any CPU
		{C1BD0D23-76E5-0DB8-F998-DF084AAB2E0D}.Debug|x86.ActiveCfg = Debug|Any CPU
		{C1BD0D23-76E5-0DB8-F998-DF084AAB2E0D}.Debug|x86.Build.0 = Debug|Any CPU
		{C1BD0D23-76E5-0DB8-F998-DF084AAB2E0D}.Release|Any CPU.ActiveCfg = Debug|Any CPU
		{C1BD0D23-76E5-0DB8-F998-DF084AAB2E0D}.Release|Any CPU.Build.0 = Debug|Any CPU
		{C1BD0D23-76E5-0DB8-F998-DF084AAB2E0D}.Release|x64.ActiveCfg = Debug|Any CPU
		{C1BD0D23-76E5-0DB8-F998-DF084AAB2E0D}.Release|x64.Build.0 = Debug|Any CPU
		{C1BD0D23-76E5-0DB8-F998-DF084AAB2E0D}.Release|x86.ActiveCfg = Debug|Any CPU
		{C1BD0D23-76E5-0DB8-F998-DF084AAB2E0D}.Release|x86.Build.0 = Debug|Any CPU
		{2D0A9392-7E4B-B002-929B-C5154FE3CC44}.Debug|Any CPU.ActiveCfg = Debug|Any CPU
		{2D0A9392-7E4B-B002-929B-C5154FE3CC44}.Debug|Any CPU.Build.0 = Debug|Any CPU
		{2D0A9392-7E4B-B002-929B-C5154FE3CC44}.Debug|x64.ActiveCfg = Debug|Any CPU
		{2D0A9392-7E4B-B002-929B-C5154FE3CC44}.Debug|x64.Build.0 = Debug|Any CPU
		{2D0A9392-7E4B-B002-929B-C5154FE3CC44}.Debug|x86.ActiveCfg = Debug|Any CPU
		{2D0A9392-7E4B-B002-929B-C5154FE3CC44}.Debug|x86.Build.0 = Debug|Any CPU
		{2D0A9392-7E4B-B002-929B-C5154FE3CC44}.Release|Any CPU.ActiveCfg = Debug|Any CPU
		{2D0A9392-7E4B-B002-929B-C5154FE3CC44}.Release|Any CPU.Build.0 = Debug|Any CPU
		{2D0A9392-7E4B-B002-929B-C5154FE3CC44}.Release|x64.ActiveCfg = Debug|Any CPU
		{2D0A9392-7E4B-B002-929B-C5154FE3CC44}.Release|x64.Build.0 = Debug|Any CPU
		{2D0A9392-7E4B-B002-929B-C5154FE3CC44}.Release|x86.ActiveCfg = Debug|Any CPU
		{2D0A9392-7E4B-B002-929B-C5154FE3CC44}.Release|x86.Build.0 = Debug|Any CPU
	EndGlobalSection
EndGlobal
