
Microsoft Visual Studio Solution File, Format Version 12.00
# Visual Studio 15
VisualStudioVersion = 15.0.26124.0
MinimumVisualStudioVersion = 15.0.26124.0
Project("{FAE04EC0-301F-11D3-BF4B-00C04F79EFBC}") = "Core", "Core\Core.csproj", "{109D7F39-79AB-4862-9F73-0B8C638930C6}"
EndProject
Project("{FAE04EC0-301F-11D3-BF4B-00C04F79EFBC}") = "Assembly-CSharp", "..\Sample\Assembly-CSharp.csproj", "{606AEDBB-F490-159D-9E1E-85E878581BE5}"
EndProject
Project("{FAE04EC0-301F-11D3-BF4B-00C04F79EFBC}") = "Game", "..\Sample\Game.csproj", "{E046B13D-3268-E737-999C-3517320441B3}"
EndProject
Project("{FAE04EC0-301F-11D3-BF4B-00C04F79EFBC}") = "Assembly-CSharp-firstpass", "..\Sample\Assembly-CSharp-firstpass.csproj", "{DEE03214-7D05-FBC7-AED8-47103F73E9B3}"
EndProject
Project("{FAE04EC0-301F-11D3-BF4B-00C04F79EFBC}") = "Assembly-CSharp-Editor", "..\Sample\Assembly-CSharp-Editor.csproj", "{D18281F3-641E-7ED2-2B4F-0C8D2BBCF0CF}"
EndProject
Project("{FAE04EC0-301F-11D3-BF4B-00C04F79EFBC}") = "Assembly-CSharp-Editor-firstpass", "..\Sample\Assembly-CSharp-Editor-firstpass.csproj", "{0DB728C3-57A5-4090-1A0D-7747C5BDB490}"
EndProject
Project("{FAE04EC0-301F-11D3-BF4B-00C04F79EFBC}") = "Unity.TextMeshPro", "..\Sample\Unity.TextMeshPro.csproj", "{E56E11FA-66FD-4C02-25AF-9D5134026AE6}"
EndProject
Project("{FAE04EC0-301F-11D3-BF4B-00C04F79EFBC}") = "FrameWork", "..\Sample\FrameWork.csproj", "{25945372-52D1-D79C-9FB4-453B76367359}"
EndProject
Project("{FAE04EC0-301F-11D3-BF4B-00C04F79EFBC}") = "UniTask", "..\Sample\UniTask.csproj", "{2b1370bf-f862-8237-eda6-9df207ffefae}"
EndProject
Global
	GlobalSection(SolutionConfigurationPlatforms) = preSolution
		Debug|Any CPU = Debug|Any CPU
		Debug|x64 = Debug|x64
		Debug|x86 = Debug|x86
		Release|Any CPU = Release|Any CPU
		Release|x64 = Release|x64
		Release|x86 = Release|x86
	EndGlobalSection
	GlobalSection(SolutionProperties) = preSolution
		HideSolutionNode = FALSE
	EndGlobalSection
	GlobalSection(ProjectConfigurationPlatforms) = postSolution
		{109D7F39-79AB-4862-9F73-0B8C638930C6}.Debug|Any CPU.ActiveCfg = Debug|Any CPU
		{109D7F39-79AB-4862-9F73-0B8C638930C6}.Debug|Any CPU.Build.0 = Debug|Any CPU
		{109D7F39-79AB-4862-9F73-0B8C638930C6}.Debug|x64.ActiveCfg = Debug|Any CPU
		{109D7F39-79AB-4862-9F73-0B8C638930C6}.Debug|x64.Build.0 = Debug|Any CPU
		{109D7F39-79AB-4862-9F73-0B8C638930C6}.Debug|x86.ActiveCfg = Debug|Any CPU
		{109D7F39-79AB-4862-9F73-0B8C638930C6}.Debug|x86.Build.0 = Debug|Any CPU
		{109D7F39-79AB-4862-9F73-0B8C638930C6}.Release|Any CPU.ActiveCfg = Debug|Any CPU
		{109D7F39-79AB-4862-9F73-0B8C638930C6}.Release|Any CPU.Build.0 = Debug|Any CPU
		{109D7F39-79AB-4862-9F73-0B8C638930C6}.Release|x64.ActiveCfg = Debug|Any CPU
		{109D7F39-79AB-4862-9F73-0B8C638930C6}.Release|x64.Build.0 = Debug|Any CPU
		{109D7F39-79AB-4862-9F73-0B8C638930C6}.Release|x86.ActiveCfg = Debug|Any CPU
		{109D7F39-79AB-4862-9F73-0B8C638930C6}.Release|x86.Build.0 = Debug|Any CPU
	EndGlobalSection
EndGlobal
